// !$*UTF8*$!
{
	archiveVersion = 1;
	classes = {
	};
	objectVersion = 46;
	objects = {

/* Begin PBXBuildFile section */
		84A4490218D1066C00E107A0 /* UIKit.framework in Frameworks */ = {isa = PBXBuildFile; fileRef = 84A4490118D1066C00E107A0 /* UIKit.framework */; };
		84A4490418D1066C00E107A0 /* Foundation.framework in Frameworks */ = {isa = PBXBuildFile; fileRef = 84A4490318D1066C00E107A0 /* Foundation.framework */; };
		84A4490618D1066C00E107A0 /* CoreGraphics.framework in Frameworks */ = {isa = PBXBuildFile; fileRef = 84A4490518D1066C00E107A0 /* CoreGraphics.framework */; };
		84A4490C18D1066C00E107A0 /* InfoPlist.strings in Resources */ = {isa = PBXBuildFile; fileRef = 84A4490A18D1066C00E107A0 /* InfoPlist.strings */; };
		84A4490E18D1066C00E107A0 /* main.m in Sources */ = {isa = PBXBuildFile; fileRef = 84A4490D18D1066C00E107A0 /* main.m */; };
		84A4491218D1066C00E107A0 /* XYZAppDelegate.m in Sources */ = {isa = PBXBuildFile; fileRef = 84A4491118D1066C00E107A0 /* XYZAppDelegate.m */; };
		84A4491418D1066C00E107A0 /* Default.png in Resources */ = {isa = PBXBuildFile; fileRef = 84A4491318D1066C00E107A0 /* Default.png */; };
		84A4491618D1066C00E107A0 /* Default@2x.png in Resources */ = {isa = PBXBuildFile; fileRef = 84A4491518D1066C00E107A0 /* Default@2x.png */; };
		84A4491818D1066C00E107A0 /* Default-568h@2x.png in Resources */ = {isa = PBXBuildFile; fileRef = 84A4491718D1066C00E107A0 /* Default-568h@2x.png */; };
		84A4491B18D1066C00E107A0 /* XYZViewController.m in Sources */ = {isa = PBXBuildFile; fileRef = 84A4491A18D1066C00E107A0 /* XYZViewController.m */; };
		84A4491E18D1066C00E107A0 /* XYZViewController.xib in Resources */ = {isa = PBXBuildFile; fileRef = 84A4491C18D1066C00E107A0 /* XYZViewController.xib */; };
/* End PBXBuildFile section */

/* Begin PBXFileReference section */
		84A448FD18D1066C00E107A0 /* AlphaTouch.app */ = {isa = PBXFileReference; explicitFileType = wrapper.application; includeInIndex = 0; path = AlphaTouch.app; sourceTree = BUILT_PRODUCTS_DIR; };
		84A4490118D1066C00E107A0 /* UIKit.framework */ = {isa = PBXFileReference; lastKnownFileType = wrapper.framework; name = UIKit.framework; path = System/Library/Frameworks/UIKit.framework; sourceTree = SDKROOT; };
		84A4490318D1066C00E107A0 /* Foundation.framework */ = {isa = PBXFileReference; lastKnownFileType = wrapper.framework; name = Foundation.framework; path = System/Library/Frameworks/Foundation.framework; sourceTree = SDKROOT; };
		84A4490518D1066C00E107A0 /* CoreGraphics.framework */ = {isa = PBXFileReference; lastKnownFileType = wrapper.framework; name = CoreGraphics.framework; path = System/Library/Frameworks/CoreGraphics.framework; sourceTree = SDKROOT; };
		84A4490918D1066C00E107A0 /* AlphaTouch-Info.plist */ = {isa = PBXFileReference; lastKnownFileType = text.plist.xml; path = "AlphaTouch-Info.plist"; sourceTree = "<group>"; };
		84A4490B18D1066C00E107A0 /* en */ = {isa = PBXFileReference; lastKnownFileType = text.plist.strings; name = en; path = en.lproj/InfoPlist.strings; sourceTree = "<group>"; };
		84A4490D18D1066C00E107A0 /* main.m */ = {isa = PBXFileReference; lastKnownFileType = sourcecode.c.objc; path = main.m; sourceTree = "<group>"; };
		84A4490F18D1066C00E107A0 /* AlphaTouch-Prefix.pch */ = {isa = PBXFileReference; lastKnownFileType = sourcecode.c.h; path = "AlphaTouch-Prefix.pch"; sourceTree = "<group>"; };
		84A4491018D1066C00E107A0 /* XYZAppDelegate.h */ = {isa = PBXFileReference; lastKnownFileType = sourcecode.c.h; path = XYZAppDelegate.h; sourceTree = "<group>"; };
		84A4491118D1066C00E107A0 /* XYZAppDelegate.m */ = {isa = PBXFileReference; lastKnownFileType = sourcecode.c.objc; path = XYZAppDelegate.m; sourceTree = "<group>"; };
		84A4491318D1066C00E107A0 /* Default.png */ = {isa = PBXFileReference; lastKnownFileType = image.png; path = Default.png; sourceTree = "<group>"; };
		84A4491518D1066C00E107A0 /* Default@2x.png */ = {isa = PBXFileReference; lastKnownFileType = image.png; path = "Default@2x.png"; sourceTree = "<group>"; };
		84A4491718D1066C00E107A0 /* Default-568h@2x.png */ = {isa = PBXFileReference; lastKnownFileType = image.png; path = "Default-568h@2x.png"; sourceTree = "<group>"; };
		84A4491918D1066C00E107A0 /* XYZViewController.h */ = {isa = PBXFileReference; lastKnownFileType = sourcecode.c.h; path = XYZViewController.h; sourceTree = "<group>"; };
		84A4491A18D1066C00E107A0 /* XYZViewController.m */ = {isa = PBXFileReference; lastKnownFileType = sourcecode.c.objc; path = XYZViewController.m; sourceTree = "<group>"; };
		84A4491D18D1066C00E107A0 /* en */ = {isa = PBXFileReference; lastKnownFileType = file.xib; name = en; path = en.lproj/XYZViewController.xib; sourceTree = "<group>"; };
/* End PBXFileReference section */

/* Begin PBXFrameworksBuildPhase section */
		84A448FA18D1066C00E107A0 /* Frameworks */ = {
			isa = PBXFrameworksBuildPhase;
			buildActionMask = 2147483647;
			files = (
				84A4490218D1066C00E107A0 /* UIKit.framework in Frameworks */,
				84A4490418D1066C00E107A0 /* Foundation.framework in Frameworks */,
				84A4490618D1066C00E107A0 /* CoreGraphics.framework in Frameworks */,
			);
			runOnlyForDeploymentPostprocessing = 0;
		};
/* End PBXFrameworksBuildPhase section */

/* Begin PBXGroup section */
		84A448F218D1066C00E107A0 = {
			isa = PBXGroup;
			children = (
				84A4490718D1066C00E107A0 /* AlphaTouch */,
				84A4490018D1066C00E107A0 /* Frameworks */,
				84A448FE18D1066C00E107A0 /* Products */,
			);
			sourceTree = "<group>";
		};
		84A448FE18D1066C00E107A0 /* Products */ = {
			isa = PBXGroup;
			children = (
				84A448FD18D1066C00E107A0 /* AlphaTouch.app */,
			);
			name = Products;
			sourceTree = "<group>";
		};
		84A4490018D1066C00E107A0 /* Frameworks */ = {
			isa = PBXGroup;
			children = (
				84A4490118D1066C00E107A0 /* UIKit.framework */,
				84A4490318D1066C00E107A0 /* Foundation.framework */,
				84A4490518D1066C00E107A0 /* CoreGraphics.framework */,
			);
			name = Frameworks;
			sourceTree = "<group>";
		};
		84A4490718D1066C00E107A0 /* AlphaTouch */ = {
			isa = PBXGroup;
			children = (
				84A4491018D1066C00E107A0 /* XYZAppDelegate.h */,
				84A4491118D1066C00E107A0 /* XYZAppDelegate.m */,
				84A4491918D1066C00E107A0 /* XYZViewController.h */,
				84A4491A18D1066C00E107A0 /* XYZViewController.m */,
				84A4491C18D1066C00E107A0 /* XYZViewController.xib */,
				84A4490818D1066C00E107A0 /* Supporting Files */,
			);
			path = AlphaTouch;
			sourceTree = "<group>";
		};
		84A4490818D1066C00E107A0 /* Supporting Files */ = {
			isa = PBXGroup;
			children = (
				84A4490918D1066C00E107A0 /* AlphaTouch-Info.plist */,
				84A4490A18D1066C00E107A0 /* InfoPlist.strings */,
				84A4490D18D1066C00E107A0 /* main.m */,
				84A4490F18D1066C00E107A0 /* AlphaTouch-Prefix.pch */,
				84A4491318D1066C00E107A0 /* Default.png */,
				84A4491518D1066C00E107A0 /* Default@2x.png */,
				84A4491718D1066C00E107A0 /* Default-568h@2x.png */,
			);
			name = "Supporting Files";
			sourceTree = "<group>";
		};
/* End PBXGroup section */

/* Begin PBXNativeTarget section */
		84A448FC18D1066C00E107A0 /* AlphaTouch */ = {
			isa = PBXNativeTarget;
			buildConfigurationList = 84A4492118D1066C00E107A0 /* Build configuration list for PBXNativeTarget "AlphaTouch" */;
			buildPhases = (
				84A448F918D1066C00E107A0 /* Sources */,
				84A448FA18D1066C00E107A0 /* Frameworks */,
				84A448FB18D1066C00E107A0 /* Resources */,
			);
			buildRules = (
			);
			dependencies = (
			);
			name = AlphaTouch;
			productName = AlphaTouch;
			productReference = 84A448FD18D1066C00E107A0 /* AlphaTouch.app */;
			productType = "com.apple.product-type.application";
		};
/* End PBXNativeTarget section */

/* Begin PBXProject section */
		84A448F418D1066C00E107A0 /* Project object */ = {
			isa = PBXProject;
			attributes = {
				CLASSPREFIX = XYZ;
				LastUpgradeCheck = 0450;
				ORGANIZATIONNAME = com.lumicsoft;
			};
			buildConfigurationList = 84A448F718D1066C00E107A0 /* Build configuration list for PBXProject "AlphaTouch" */;
			compatibilityVersion = "Xcode 3.2";
			developmentRegion = English;
			hasScannedForEncodings = 0;
			knownRegions = (
				en,
			);
			mainGroup = 84A448F218D1066C00E107A0;
			productRefGroup = 84A448FE18D1066C00E107A0 /* Products */;
			projectDirPath = "";
			projectRoot = "";
			targets = (
				84A448FC18D1066C00E107A0 /* AlphaTouch */,
			);
		};
/* End PBXProject section */

/* Begin PBXResourcesBuildPhase section */
		84A448FB18D1066C00E107A0 /* Resources */ = {
			isa = PBXResourcesBuildPhase;
			buildActionMask = 2147483647;
			files = (
				84A4490C18D1066C00E107A0 /* InfoPlist.strings in Resources */,
				84A4491418D1066C00E107A0 /* Default.png in Resources */,
				84A4491618D1066C00E107A0 /* Default@2x.png in Resources */,
				84A4491818D1066C00E107A0 /* Default-568h@2x.png in Resources */,
				84A4491E18D1066C00E107A0 /* XYZViewController.xib in Resources */,
			);
			runOnlyForDeploymentPostprocessing = 0;
		};
/* End PBXResourcesBuildPhase section */

/* Begin PBXSourcesBuildPhase section */
		84A448F918D1066C00E107A0 /* Sources */ = {
			isa = PBXSourcesBuildPhase;
			buildActionMask = 2147483647;
			files = (
				84A4490E18D1066C00E107A0 /* main.m in Sources */,
				84A4491218D1066C00E107A0 /* XYZAppDelegate.m in Sources */,
				84A4491B18D1066C00E107A0 /* XYZViewController.m in Sources */,
			);
			runOnlyForDeploymentPostprocessing = 0;
		};
/* End PBXSourcesBuildPhase section */

/* Begin PBXVariantGroup section */
		84A4490A18D1066C00E107A0 /* InfoPlist.strings */ = {
			isa = PBXVariantGroup;
			children = (
				84A4490B18D1066C00E107A0 /* en */,
			);
			name = InfoPlist.strings;
			sourceTree = "<group>";
		};
		84A4491C18D1066C00E107A0 /* XYZViewController.xib */ = {
			isa = PBXVariantGroup;
			children = (
				84A4491D18D1066C00E107A0 /* en */,
			);
			name = XYZViewController.xib;
			sourceTree = "<group>";
		};
/* End PBXVariantGroup section */

/* Begin XCBuildConfiguration section */
		84A4491F18D1066C00E107A0 /* Debug */ = {
			isa = XCBuildConfiguration;
			buildSettings = {
				ALWAYS_SEARCH_USER_PATHS = NO;
				CLANG_CXX_LANGUAGE_STANDARD = "gnu++0x";
				CLANG_CXX_LIBRARY = "libc++";
				CLANG_ENABLE_OBJC_ARC = YES;
				CLANG_WARN_EMPTY_BODY = YES;
				CLANG_WARN__DUPLICATE_METHOD_MATCH = YES;
				"CODE_SIGN_IDENTITY[sdk=iphoneos*]" = "iPhone Developer";
				COPY_PHASE_STRIP = NO;
				GCC_C_LANGUAGE_STANDARD = gnu99;
				GCC_DYNAMIC_NO_PIC = NO;
				GCC_OPTIMIZATION_LEVEL = 0;
				GCC_PREPROCESSOR_DEFINITIONS = (
					"DEBUG=1",
					"$(inherited)",
				);
				GCC_SYMBOLS_PRIVATE_EXTERN = NO;
				GCC_WARN_ABOUT_RETURN_TYPE = YES;
				GCC_WARN_UNINITIALIZED_AUTOS = YES;
				GCC_WARN_UNUSED_VARIABLE = YES;
				IPHONEOS_DEPLOYMENT_TARGET = 6.0;
				ONLY_ACTIVE_ARCH = YES;
				SDKROOT = iphoneos;
			};
			name = Debug;
		};
		84A4492018D1066C00E107A0 /* Release */ = {
			isa = XCBuildConfiguration;
			buildSettings = {
				ALWAYS_SEARCH_USER_PATHS = NO;
				CLANG_CXX_LANGUAGE_STANDARD = "gnu++0x";
				CLANG_CXX_LIBRARY = "libc++";
				CLANG_ENABLE_OBJC_ARC = YES;
				CLANG_WARN_EMPTY_BODY = YES;
				CLANG_WARN__DUPLICATE_METHOD_MATCH = YES;
				"CODE_SIGN_IDENTITY[sdk=iphoneos*]" = "iPhone Developer";
				COPY_PHASE_STRIP = YES;
				GCC_C_LANGUAGE_STANDARD = gnu99;
				GCC_WARN_ABOUT_RETURN_TYPE = YES;
				GCC_WARN_UNINITIALIZED_AUTOS = YES;
				GCC_WARN_UNUSED_VARIABLE = YES;
				IPHONEOS_DEPLOYMENT_TARGET = 6.0;
				OTHER_CFLAGS = "-DNS_BLOCK_ASSERTIONS=1";
				SDKROOT = iphoneos;
				VALIDATE_PRODUCT = YES;
			};
			name = Release;
		};
		84A4492218D1066C00E107A0 /* Debug */ = {
			isa = XCBuildConfiguration;
			buildSettings = {
				GCC_PRECOMPILE_PREFIX_HEADER = YES;
				GCC_PREFIX_HEADER = "AlphaTouch/AlphaTouch-Prefix.pch";
				INFOPLIST_FILE = "AlphaTouch/AlphaTouch-Info.plist";
				PRODUCT_NAME = "$(TARGET_NAME)";
				WRAPPER_EXTENSION = app;
			};
			name = Debug;
		};
		84A4492318D1066C00E107A0 /* Release */ = {
			isa = XCBuildConfiguration;
			buildSettings = {
				GCC_PRECOMPILE_PREFIX_HEADER = YES;
				GCC_PREFIX_HEADER = "AlphaTouch/AlphaTouch-Prefix.pch";
				INFOPLIST_FILE = "AlphaTouch/AlphaTouch-Info.plist";
				PRODUCT_NAME = "$(TARGET_NAME)";
				WRAPPER_EXTENSION = app;
			};
			name = Release;
		};
/* End XCBuildConfiguration section */

/* Begin XCConfigurationList section */
		84A448F718D1066C00E107A0 /* Build configuration list for PBXProject "AlphaTouch" */ = {
			isa = XCConfigurationList;
			buildConfigurations = (
				84A4491F18D1066C00E107A0 /* Debug */,
				84A4492018D1066C00E107A0 /* Release */,
			);
			defaultConfigurationIsVisible = 0;
			defaultConfigurationName = Release;
		};
		84A4492118D1066C00E107A0 /* Build configuration list for PBXNativeTarget "AlphaTouch" */ = {
			isa = XCConfigurationList;
			buildConfigurations = (
				84A4492218D1066C00E107A0 /* Debug */,
				84A4492318D1066C00E107A0 /* Release */,
			);
			defaultConfigurationIsVisible = 0;
			defaultConfigurationName = Release;
		};
/* End XCConfigurationList section */
	};
	rootObject = 84A448F418D1066C00E107A0 /* Project object */;
}
